
Microsoft Visual Studio Solution File, Format Version 12.00
# Visual Studio Version 17
VisualStudioVersion = 17.3.32922.545
MinimumVisualStudioVersion = 10.0.40219.1
Project("{9A19103F-16F7-4668-BE54-9A1E7A4F7556}") = "MauiSample", "MauiSample\MauiSample.csproj", "{D2634557-8A3C-4062-9480-3C6A5A4CC147}"
EndProject
Project("{9A19103F-16F7-4668-BE54-9A1E7A4F7556}") = "Avalonia.Maui", "Avalonia.Maui\Avalonia.Maui.csproj", "{CD6CAB48-9C52-48CC-90BC-46D6F079F0CF}"
EndProject
Project("{2150E333-8FDC-42A3-9474-1A3956D46DE8}") = "SolutionItems", "SolutionItems", "{B9D77534-0529-420B-AEF9-E4D8B9C926EA}"
	ProjectSection(SolutionItems) = preProject
		.gitignore = .gitignore
		Directory.Build.props = Directory.Build.props
		.github\workflows\dotnet.yml = .github\workflows\dotnet.yml
		LICENSE = LICENSE
		README.md = README.md
	EndProjectSection
EndProject
Project("{2150E333-8FDC-42A3-9474-1A3956D46DE8}") = "AvaloniaSample", "AvaloniaSample", "{10E5B37C-47D1-498B-AD9D-9A281064C091}"
EndProject
Project("{2150E333-8FDC-42A3-9474-1A3956D46DE8}") = "Samples", "Samples", "{31E88003-6C5B-41F7-8A36-CBFE095CA760}"
EndProject
Project("{9A19103F-16F7-4668-BE54-9A1E7A4F7556}") = "AvaloniaSample", "AvaloniaSample\AvaloniaSample\AvaloniaSample.csproj", "{5B52DC9E-B2D8-444E-8CA7-102FD762675F}"
EndProject
Project("{9A19103F-16F7-4668-BE54-9A1E7A4F7556}") = "AvaloniaSample.Android", "AvaloniaSample\AvaloniaSample.Android\AvaloniaSample.Android.csproj", "{3CFDDDE4-C90B-48FF-8C95-50F96909BF5A}"
EndProject
Project("{9A19103F-16F7-4668-BE54-9A1E7A4F7556}") = "AvaloniaSample.iOS", "AvaloniaSample\AvaloniaSample.iOS\AvaloniaSample.iOS.csproj", "{E92818E3-6BFA-4C9E-9481-3BECBACAFF0A}"
EndProject
Project("{FAE04EC0-301F-11D3-BF4B-00C04F79EFBC}") = "AvaloniaSample.Windows (with winui3)", "AvaloniaSample\AvaloniaSample.Windows (with winui3)\AvaloniaSample.Windows (with winui3).csproj", "{96FD1D1C-E524-4608-B562-D4DA3F0B4749}"
EndProject
Project("{FAE04EC0-301F-11D3-BF4B-00C04F79EFBC}") = "AvaloniaSample.Windows (with maui)", "AvaloniaSample\AvaloniaSample.Windows (with maui)\AvaloniaSample.Windows (with maui).csproj", "{472F5395-A507-43DE-B3B3-FA5C358E04FB}"
EndProject
Global
	GlobalSection(SolutionConfigurationPlatforms) = preSolution
		Debug|Any CPU = Debug|Any CPU
		Debug|ARM = Debug|ARM
		Debug|ARM64 = Debug|ARM64
		Debug|x64 = Debug|x64
		Debug|x86 = Debug|x86
		Release|Any CPU = Release|Any CPU
		Release|ARM = Release|ARM
		Release|ARM64 = Release|ARM64
		Release|x64 = Release|x64
		Release|x86 = Release|x86
	EndGlobalSection
	GlobalSection(ProjectConfigurationPlatforms) = postSolution
		{D2634557-8A3C-4062-9480-3C6A5A4CC147}.Debug|Any CPU.ActiveCfg = Debug|Any CPU
		{D2634557-8A3C-4062-9480-3C6A5A4CC147}.Debug|Any CPU.Build.0 = Debug|Any CPU
		{D2634557-8A3C-4062-9480-3C6A5A4CC147}.Debug|Any CPU.Deploy.0 = Debug|Any CPU
		{D2634557-8A3C-4062-9480-3C6A5A4CC147}.Debug|ARM.ActiveCfg = Debug|Any CPU
		{D2634557-8A3C-4062-9480-3C6A5A4CC147}.Debug|ARM.Build.0 = Debug|Any CPU
		{D2634557-8A3C-4062-9480-3C6A5A4CC147}.Debug|ARM.Deploy.0 = Debug|Any CPU
		{D2634557-8A3C-4062-9480-3C6A5A4CC147}.Debug|ARM64.ActiveCfg = Debug|Any CPU
		{D2634557-8A3C-4062-9480-3C6A5A4CC147}.Debug|ARM64.Build.0 = Debug|Any CPU
		{D2634557-8A3C-4062-9480-3C6A5A4CC147}.Debug|ARM64.Deploy.0 = Debug|Any CPU
		{D2634557-8A3C-4062-9480-3C6A5A4CC147}.Debug|x64.ActiveCfg = Debug|Any CPU
		{D2634557-8A3C-4062-9480-3C6A5A4CC147}.Debug|x64.Build.0 = Debug|Any CPU
		{D2634557-8A3C-4062-9480-3C6A5A4CC147}.Debug|x64.Deploy.0 = Debug|Any CPU
		{D2634557-8A3C-4062-9480-3C6A5A4CC147}.Debug|x86.ActiveCfg = Debug|Any CPU
		{D2634557-8A3C-4062-9480-3C6A5A4CC147}.Debug|x86.Build.0 = Debug|Any CPU
		{D2634557-8A3C-4062-9480-3C6A5A4CC147}.Debug|x86.Deploy.0 = Debug|Any CPU
		{D2634557-8A3C-4062-9480-3C6A5A4CC147}.Release|Any CPU.ActiveCfg = Release|Any CPU
		{D2634557-8A3C-4062-9480-3C6A5A4CC147}.Release|Any CPU.Build.0 = Release|Any CPU
		{D2634557-8A3C-4062-9480-3C6A5A4CC147}.Release|Any CPU.Deploy.0 = Release|Any CPU
		{D2634557-8A3C-4062-9480-3C6A5A4CC147}.Release|ARM.ActiveCfg = Release|Any CPU
		{D2634557-8A3C-4062-9480-3C6A5A4CC147}.Release|ARM.Build.0 = Release|Any CPU
		{D2634557-8A3C-4062-9480-3C6A5A4CC147}.Release|ARM.Deploy.0 = Release|Any CPU
		{D2634557-8A3C-4062-9480-3C6A5A4CC147}.Release|ARM64.ActiveCfg = Release|Any CPU
		{D2634557-8A3C-4062-9480-3C6A5A4CC147}.Release|ARM64.Build.0 = Release|Any CPU
		{D2634557-8A3C-4062-9480-3C6A5A4CC147}.Release|ARM64.Deploy.0 = Release|Any CPU
		{D2634557-8A3C-4062-9480-3C6A5A4CC147}.Release|x64.ActiveCfg = Release|Any CPU
		{D2634557-8A3C-4062-9480-3C6A5A4CC147}.Release|x64.Build.0 = Release|Any CPU
		{D2634557-8A3C-4062-9480-3C6A5A4CC147}.Release|x64.Deploy.0 = Release|Any CPU
		{D2634557-8A3C-4062-9480-3C6A5A4CC147}.Release|x86.ActiveCfg = Release|Any CPU
		{D2634557-8A3C-4062-9480-3C6A5A4CC147}.Release|x86.Build.0 = Release|Any CPU
		{D2634557-8A3C-4062-9480-3C6A5A4CC147}.Release|x86.Deploy.0 = Release|Any CPU
		{CD6CAB48-9C52-48CC-90BC-46D6F079F0CF}.Debug|Any CPU.ActiveCfg = Debug|Any CPU
		{CD6CAB48-9C52-48CC-90BC-46D6F079F0CF}.Debug|Any CPU.Build.0 = Debug|Any CPU
		{CD6CAB48-9C52-48CC-90BC-46D6F079F0CF}.Debug|ARM.ActiveCfg = Debug|Any CPU
		{CD6CAB48-9C52-48CC-90BC-46D6F079F0CF}.Debug|ARM.Build.0 = Debug|Any CPU
		{CD6CAB48-9C52-48CC-90BC-46D6F079F0CF}.Debug|ARM64.ActiveCfg = Debug|Any CPU
		{CD6CAB48-9C52-48CC-90BC-46D6F079F0CF}.Debug|ARM64.Build.0 = Debug|Any CPU
		{CD6CAB48-9C52-48CC-90BC-46D6F079F0CF}.Debug|x64.ActiveCfg = Debug|Any CPU
		{CD6CAB48-9C52-48CC-90BC-46D6F079F0CF}.Debug|x64.Build.0 = Debug|Any CPU
		{CD6CAB48-9C52-48CC-90BC-46D6F079F0CF}.Debug|x86.ActiveCfg = Debug|Any CPU
		{CD6CAB48-9C52-48CC-90BC-46D6F079F0CF}.Debug|x86.Build.0 = Debug|Any CPU
		{CD6CAB48-9C52-48CC-90BC-46D6F079F0CF}.Release|Any CPU.ActiveCfg = Release|Any CPU
		{CD6CAB48-9C52-48CC-90BC-46D6F079F0CF}.Release|Any CPU.Build.0 = Release|Any CPU
		{CD6CAB48-9C52-48CC-90BC-46D6F079F0CF}.Release|ARM.ActiveCfg = Release|Any CPU
		{CD6CAB48-9C52-48CC-90BC-46D6F079F0CF}.Release|ARM.Build.0 = Release|Any CPU
		{CD6CAB48-9C52-48CC-90BC-46D6F079F0CF}.Release|ARM64.ActiveCfg = Release|Any CPU
		{CD6CAB48-9C52-48CC-90BC-46D6F079F0CF}.Release|ARM64.Build.0 = Release|Any CPU
		{CD6CAB48-9C52-48CC-90BC-46D6F079F0CF}.Release|x64.ActiveCfg = Release|Any CPU
		{CD6CAB48-9C52-48CC-90BC-46D6F079F0CF}.Release|x64.Build.0 = Release|Any CPU
		{CD6CAB48-9C52-48CC-90BC-46D6F079F0CF}.Release|x86.ActiveCfg = Release|Any CPU
		{CD6CAB48-9C52-48CC-90BC-46D6F079F0CF}.Release|x86.Build.0 = Release|Any CPU
		{5B52DC9E-B2D8-444E-8CA7-102FD762675F}.Debug|Any CPU.ActiveCfg = Debug|Any CPU
		{5B52DC9E-B2D8-444E-8CA7-102FD762675F}.Debug|Any CPU.Build.0 = Debug|Any CPU
		{5B52DC9E-B2D8-444E-8CA7-102FD762675F}.Debug|ARM.ActiveCfg = Debug|Any CPU
		{5B52DC9E-B2D8-444E-8CA7-102FD762675F}.Debug|ARM.Build.0 = Debug|Any CPU
		{5B52DC9E-B2D8-444E-8CA7-102FD762675F}.Debug|ARM64.ActiveCfg = Debug|Any CPU
		{5B52DC9E-B2D8-444E-8CA7-102FD762675F}.Debug|ARM64.Build.0 = Debug|Any CPU
		{5B52DC9E-B2D8-444E-8CA7-102FD762675F}.Debug|x64.ActiveCfg = Debug|Any CPU
		{5B52DC9E-B2D8-444E-8CA7-102FD762675F}.Debug|x64.Build.0 = Debug|Any CPU
		{5B52DC9E-B2D8-444E-8CA7-102FD762675F}.Debug|x86.ActiveCfg = Debug|Any CPU
		{5B52DC9E-B2D8-444E-8CA7-102FD762675F}.Debug|x86.Build.0 = Debug|Any CPU
		{5B52DC9E-B2D8-444E-8CA7-102FD762675F}.Release|Any CPU.ActiveCfg = Release|Any CPU
		{5B52DC9E-B2D8-444E-8CA7-102FD762675F}.Release|Any CPU.Build.0 = Release|Any CPU
		{5B52DC9E-B2D8-444E-8CA7-102FD762675F}.Release|ARM.ActiveCfg = Release|Any CPU
		{5B52DC9E-B2D8-444E-8CA7-102FD762675F}.Release|ARM.Build.0 = Release|Any CPU
		{5B52DC9E-B2D8-444E-8CA7-102FD762675F}.Release|ARM64.ActiveCfg = Release|Any CPU
		{5B52DC9E-B2D8-444E-8CA7-102FD762675F}.Release|ARM64.Build.0 = Release|Any CPU
		{5B52DC9E-B2D8-444E-8CA7-102FD762675F}.Release|x64.ActiveCfg = Release|Any CPU
		{5B52DC9E-B2D8-444E-8CA7-102FD762675F}.Release|x64.Build.0 = Release|Any CPU
		{5B52DC9E-B2D8-444E-8CA7-102FD762675F}.Release|x86.ActiveCfg = Release|Any CPU
		{5B52DC9E-B2D8-444E-8CA7-102FD762675F}.Release|x86.Build.0 = Release|Any CPU
		{3CFDDDE4-C90B-48FF-8C95-50F96909BF5A}.Debug|Any CPU.ActiveCfg = Debug|Any CPU
		{3CFDDDE4-C90B-48FF-8C95-50F96909BF5A}.Debug|Any CPU.Build.0 = Debug|Any CPU
		{3CFDDDE4-C90B-48FF-8C95-50F96909BF5A}.Debug|Any CPU.Deploy.0 = Debug|Any CPU
		{3CFDDDE4-C90B-48FF-8C95-50F96909BF5A}.Debug|ARM.ActiveCfg = Debug|Any CPU
		{3CFDDDE4-C90B-48FF-8C95-50F96909BF5A}.Debug|ARM.Build.0 = Debug|Any CPU
		{3CFDDDE4-C90B-48FF-8C95-50F96909BF5A}.Debug|ARM.Deploy.0 = Debug|Any CPU
		{3CFDDDE4-C90B-48FF-8C95-50F96909BF5A}.Debug|ARM64.ActiveCfg = Debug|Any CPU
		{3CFDDDE4-C90B-48FF-8C95-50F96909BF5A}.Debug|ARM64.Build.0 = Debug|Any CPU
		{3CFDDDE4-C90B-48FF-8C95-50F96909BF5A}.Debug|ARM64.Deploy.0 = Debug|Any CPU
		{3CFDDDE4-C90B-48FF-8C95-50F96909BF5A}.Debug|x64.ActiveCfg = Debug|Any CPU
		{3CFDDDE4-C90B-48FF-8C95-50F96909BF5A}.Debug|x64.Build.0 = Debug|Any CPU
		{3CFDDDE4-C90B-48FF-8C95-50F96909BF5A}.Debug|x64.Deploy.0 = Debug|Any CPU
		{3CFDDDE4-C90B-48FF-8C95-50F96909BF5A}.Debug|x86.ActiveCfg = Debug|Any CPU
		{3CFDDDE4-C90B-48FF-8C95-50F96909BF5A}.Debug|x86.Build.0 = Debug|Any CPU
		{3CFDDDE4-C90B-48FF-8C95-50F96909BF5A}.Debug|x86.Deploy.0 = Debug|Any CPU
		{3CFDDDE4-C90B-48FF-8C95-50F96909BF5A}.Release|Any CPU.ActiveCfg = Release|Any CPU
		{3CFDDDE4-C90B-48FF-8C95-50F96909BF5A}.Release|Any CPU.Build.0 = Release|Any CPU
		{3CFDDDE4-C90B-48FF-8C95-50F96909BF5A}.Release|ARM.ActiveCfg = Release|Any CPU
		{3CFDDDE4-C90B-48FF-8C95-50F96909BF5A}.Release|ARM.Build.0 = Release|Any CPU
		{3CFDDDE4-C90B-48FF-8C95-50F96909BF5A}.Release|ARM.Deploy.0 = Release|Any CPU
		{3CFDDDE4-C90B-48FF-8C95-50F96909BF5A}.Release|ARM64.ActiveCfg = Release|Any CPU
		{3CFDDDE4-C90B-48FF-8C95-50F96909BF5A}.Release|ARM64.Build.0 = Release|Any CPU
		{3CFDDDE4-C90B-48FF-8C95-50F96909BF5A}.Release|ARM64.Deploy.0 = Release|Any CPU
		{3CFDDDE4-C90B-48FF-8C95-50F96909BF5A}.Release|x64.ActiveCfg = Release|Any CPU
		{3CFDDDE4-C90B-48FF-8C95-50F96909BF5A}.Release|x64.Build.0 = Release|Any CPU
		{3CFDDDE4-C90B-48FF-8C95-50F96909BF5A}.Release|x64.Deploy.0 = Release|Any CPU
		{3CFDDDE4-C90B-48FF-8C95-50F96909BF5A}.Release|x86.ActiveCfg = Release|Any CPU
		{3CFDDDE4-C90B-48FF-8C95-50F96909BF5A}.Release|x86.Build.0 = Release|Any CPU
		{3CFDDDE4-C90B-48FF-8C95-50F96909BF5A}.Release|x86.Deploy.0 = Release|Any CPU
		{E92818E3-6BFA-4C9E-9481-3BECBACAFF0A}.Debug|Any CPU.ActiveCfg = Debug|Any CPU
		{E92818E3-6BFA-4C9E-9481-3BECBACAFF0A}.Debug|Any CPU.Build.0 = Debug|Any CPU
		{E92818E3-6BFA-4C9E-9481-3BECBACAFF0A}.Debug|Any CPU.Deploy.0 = Debug|Any CPU
		{E92818E3-6BFA-4C9E-9481-3BECBACAFF0A}.Debug|ARM.ActiveCfg = Debug|Any CPU
		{E92818E3-6BFA-4C9E-9481-3BECBACAFF0A}.Debug|ARM.Build.0 = Debug|Any CPU
		{E92818E3-6BFA-4C9E-9481-3BECBACAFF0A}.Debug|ARM.Deploy.0 = Debug|Any CPU
		{E92818E3-6BFA-4C9E-9481-3BECBACAFF0A}.Debug|ARM64.ActiveCfg = Debug|Any CPU
		{E92818E3-6BFA-4C9E-9481-3BECBACAFF0A}.Debug|ARM64.Build.0 = Debug|Any CPU
		{E92818E3-6BFA-4C9E-9481-3BECBACAFF0A}.Debug|ARM64.Deploy.0 = Debug|Any CPU
		{E92818E3-6BFA-4C9E-9481-3BECBACAFF0A}.Debug|x64.ActiveCfg = Debug|Any CPU
		{E92818E3-6BFA-4C9E-9481-3BECBACAFF0A}.Debug|x64.Build.0 = Debug|Any CPU
		{E92818E3-6BFA-4C9E-9481-3BECBACAFF0A}.Debug|x64.Deploy.0 = Debug|Any CPU
		{E92818E3-6BFA-4C9E-9481-3BECBACAFF0A}.Debug|x86.ActiveCfg = Debug|Any CPU
		{E92818E3-6BFA-4C9E-9481-3BECBACAFF0A}.Debug|x86.Build.0 = Debug|Any CPU
		{E92818E3-6BFA-4C9E-9481-3BECBACAFF0A}.Debug|x86.Deploy.0 = Debug|Any CPU
		{E92818E3-6BFA-4C9E-9481-3BECBACAFF0A}.Release|Any CPU.ActiveCfg = Release|Any CPU
		{E92818E3-6BFA-4C9E-9481-3BECBACAFF0A}.Release|Any CPU.Build.0 = Release|Any CPU
		{E92818E3-6BFA-4C9E-9481-3BECBACAFF0A}.Release|ARM.ActiveCfg = Release|Any CPU
		{E92818E3-6BFA-4C9E-9481-3BECBACAFF0A}.Release|ARM.Build.0 = Release|Any CPU
		{E92818E3-6BFA-4C9E-9481-3BECBACAFF0A}.Release|ARM.Deploy.0 = Release|Any CPU
		{E92818E3-6BFA-4C9E-9481-3BECBACAFF0A}.Release|ARM64.ActiveCfg = Release|Any CPU
		{E92818E3-6BFA-4C9E-9481-3BECBACAFF0A}.Release|ARM64.Build.0 = Release|Any CPU
		{E92818E3-6BFA-4C9E-9481-3BECBACAFF0A}.Release|ARM64.Deploy.0 = Release|Any CPU
		{E92818E3-6BFA-4C9E-9481-3BECBACAFF0A}.Release|x64.ActiveCfg = Release|Any CPU
		{E92818E3-6BFA-4C9E-9481-3BECBACAFF0A}.Release|x64.Build.0 = Release|Any CPU
		{E92818E3-6BFA-4C9E-9481-3BECBACAFF0A}.Release|x64.Deploy.0 = Release|Any CPU
		{E92818E3-6BFA-4C9E-9481-3BECBACAFF0A}.Release|x86.ActiveCfg = Release|Any CPU
		{E92818E3-6BFA-4C9E-9481-3BECBACAFF0A}.Release|x86.Build.0 = Release|Any CPU
		{E92818E3-6BFA-4C9E-9481-3BECBACAFF0A}.Release|x86.Deploy.0 = Release|Any CPU
		{96FD1D1C-E524-4608-B562-D4DA3F0B4749}.Debug|Any CPU.ActiveCfg = Debug|Any CPU
		{96FD1D1C-E524-4608-B562-D4DA3F0B4749}.Debug|Any CPU.Build.0 = Debug|Any CPU
		{96FD1D1C-E524-4608-B562-D4DA3F0B4749}.Debug|ARM.ActiveCfg = Debug|Any CPU
		{96FD1D1C-E524-4608-B562-D4DA3F0B4749}.Debug|ARM.Build.0 = Debug|Any CPU
		{96FD1D1C-E524-4608-B562-D4DA3F0B4749}.Debug|ARM64.ActiveCfg = Debug|Any CPU
		{96FD1D1C-E524-4608-B562-D4DA3F0B4749}.Debug|ARM64.Build.0 = Debug|Any CPU
		{96FD1D1C-E524-4608-B562-D4DA3F0B4749}.Debug|x64.ActiveCfg = Debug|Any CPU
		{96FD1D1C-E524-4608-B562-D4DA3F0B4749}.Debug|x64.Build.0 = Debug|Any CPU
		{96FD1D1C-E524-4608-B562-D4DA3F0B4749}.Debug|x86.ActiveCfg = Debug|Any CPU
		{96FD1D1C-E524-4608-B562-D4DA3F0B4749}.Debug|x86.Build.0 = Debug|Any CPU
		{96FD1D1C-E524-4608-B562-D4DA3F0B4749}.Release|Any CPU.ActiveCfg = Release|Any CPU
		{96FD1D1C-E524-4608-B562-D4DA3F0B4749}.Release|Any CPU.Build.0 = Release|Any CPU
		{96FD1D1C-E524-4608-B562-D4DA3F0B4749}.Release|ARM.ActiveCfg = Release|Any CPU
		{96FD1D1C-E524-4608-B562-D4DA3F0B4749}.Release|ARM.Build.0 = Release|Any CPU
		{96FD1D1C-E524-4608-B562-D4DA3F0B4749}.Release|ARM64.ActiveCfg = Release|Any CPU
		{96FD1D1C-E524-4608-B562-D4DA3F0B4749}.Release|ARM64.Build.0 = Release|Any CPU
		{96FD1D1C-E524-4608-B562-D4DA3F0B4749}.Release|x64.ActiveCfg = Release|Any CPU
		{96FD1D1C-E524-4608-B562-D4DA3F0B4749}.Release|x64.Build.0 = Release|Any CPU
		{96FD1D1C-E524-4608-B562-D4DA3F0B4749}.Release|x86.ActiveCfg = Release|Any CPU
		{96FD1D1C-E524-4608-B562-D4DA3F0B4749}.Release|x86.Build.0 = Release|Any CPU
		{472F5395-A507-43DE-B3B3-FA5C358E04FB}.Debug|Any CPU.ActiveCfg = Debug|Any CPU
		{472F5395-A507-43DE-B3B3-FA5C358E04FB}.Debug|Any CPU.Build.0 = Debug|Any CPU
		{472F5395-A507-43DE-B3B3-FA5C358E04FB}.Debug|ARM.ActiveCfg = Debug|Any CPU
		{472F5395-A507-43DE-B3B3-FA5C358E04FB}.Debug|ARM.Build.0 = Debug|Any CPU
		{472F5395-A507-43DE-B3B3-FA5C358E04FB}.Debug|ARM64.ActiveCfg = Debug|Any CPU
		{472F5395-A507-43DE-B3B3-FA5C358E04FB}.Debug|ARM64.Build.0 = Debug|Any CPU
		{472F5395-A507-43DE-B3B3-FA5C358E04FB}.Debug|x64.ActiveCfg = Debug|Any CPU
		{472F5395-A507-43DE-B3B3-FA5C358E04FB}.Debug|x64.Build.0 = Debug|Any CPU
		{472F5395-A507-43DE-B3B3-FA5C358E04FB}.Debug|x86.ActiveCfg = Debug|Any CPU
		{472F5395-A507-43DE-B3B3-FA5C358E04FB}.Debug|x86.Build.0 = Debug|Any CPU
		{472F5395-A507-43DE-B3B3-FA5C358E04FB}.Release|Any CPU.ActiveCfg = Release|Any CPU
		{472F5395-A507-43DE-B3B3-FA5C358E04FB}.Release|Any CPU.Build.0 = Release|Any CPU
		{472F5395-A507-43DE-B3B3-FA5C358E04FB}.Release|ARM.ActiveCfg = Release|Any CPU
		{472F5395-A507-43DE-B3B3-FA5C358E04FB}.Release|ARM.Build.0 = Release|Any CPU
		{472F5395-A507-43DE-B3B3-FA5C358E04FB}.Release|ARM64.ActiveCfg = Release|Any CPU
		{472F5395-A507-43DE-B3B3-FA5C358E04FB}.Release|ARM64.Build.0 = Release|Any CPU
		{472F5395-A507-43DE-B3B3-FA5C358E04FB}.Release|x64.ActiveCfg = Release|Any CPU
		{472F5395-A507-43DE-B3B3-FA5C358E04FB}.Release|x64.Build.0 = Release|Any CPU
		{472F5395-A507-43DE-B3B3-FA5C358E04FB}.Release|x86.ActiveCfg = Release|Any CPU
		{472F5395-A507-43DE-B3B3-FA5C358E04FB}.Release|x86.Build.0 = Release|Any CPU
	EndGlobalSection
	GlobalSection(SolutionProperties) = preSolution
		HideSolutionNode = FALSE
	EndGlobalSection
	GlobalSection(NestedProjects) = preSolution
		{D2634557-8A3C-4062-9480-3C6A5A4CC147} = {31E88003-6C5B-41F7-8A36-CBFE095CA760}
		{10E5B37C-47D1-498B-AD9D-9A281064C091} = {31E88003-6C5B-41F7-8A36-CBFE095CA760}
		{5B52DC9E-B2D8-444E-8CA7-102FD762675F} = {10E5B37C-47D1-498B-AD9D-9A281064C091}
		{3CFDDDE4-C90B-48FF-8C95-50F96909BF5A} = {10E5B37C-47D1-498B-AD9D-9A281064C091}
		{E92818E3-6BFA-4C9E-9481-3BECBACAFF0A} = {10E5B37C-47D1-498B-AD9D-9A281064C091}
		{96FD1D1C-E524-4608-B562-D4DA3F0B4749} = {10E5B37C-47D1-498B-AD9D-9A281064C091}
		{472F5395-A507-43DE-B3B3-FA5C358E04FB} = {10E5B37C-47D1-498B-AD9D-9A281064C091}
	EndGlobalSection
	GlobalSection(ExtensibilityGlobals) = postSolution
		SolutionGuid = {2803DA96-B1F5-490A-A82B-82C073DE4767}
	EndGlobalSection
EndGlobal
